
Microsoft Visual Studio Solution File, Format Version 12.00
# Visual Studio Version 16
VisualStudioVersion = 16.0.31702.278
MinimumVisualStudioVersion = 10.0.40219.1
Project("{FAE04EC0-301F-11D3-BF4B-00C04F79EFBC}") = "TPW", "TPW\TPW.csproj", "{A58F718C-4ECE-4645-A7FE-37C7CB8CBA60}"
EndProject
Project("{FAE04EC0-301F-11D3-BF4B-00C04F79EFBC}") = "Test", "Test\Test.csproj", "{996D58DA-095A-4CE0-8A94-0130264A3276}"
EndProject
Global
	GlobalSection(SolutionConfigurationPlatforms) = preSolution
		Debug|Any CPU = Debug|Any CPU
		Release|Any CPU = Release|Any CPU
	EndGlobalSection
	GlobalSection(ProjectConfigurationPlatforms) = postSolution
		{A58F718C-4ECE-4645-A7FE-37C7CB8CBA60}.Debug|Any CPU.ActiveCfg = Debug|Any CPU
		{A58F718C-4ECE-4645-A7FE-37C7CB8CBA60}.Debug|Any CPU.Build.0 = Debug|Any CPU
		{A58F718C-4ECE-4645-A7FE-37C7CB8CBA60}.Release|Any CPU.ActiveCfg = Release|Any CPU
		{A58F718C-4ECE-4645-A7FE-37C7CB8CBA60}.Release|Any CPU.Build.0 = Release|Any CPU
		{996D58DA-095A-4CE0-8A94-0130264A3276}.Debug|Any CPU.ActiveCfg = Debug|Any CPU
		{996D58DA-095A-4CE0-8A94-0130264A3276}.Debug|Any CPU.Build.0 = Debug|Any CPU
		{996D58DA-095A-4CE0-8A94-0130264A3276}.Release|Any CPU.ActiveCfg = Release|Any CPU
		{996D58DA-095A-4CE0-8A94-0130264A3276}.Release|Any CPU.Build.0 = Release|Any CPU
	EndGlobalSection
	GlobalSection(SolutionProperties) = preSolution
		HideSolutionNode = FALSE
	EndGlobalSection
	GlobalSection(ExtensibilityGlobals) = postSolution
		SolutionGuid = {D8308F7D-7375-4E60-9F04-98FB54D41871}
	EndGlobalSection
EndGlobal
