
Microsoft Visual Studio Solution File, Format Version 12.00
# Visual Studio Version 17
VisualStudioVersion = 17.9.34622.214
MinimumVisualStudioVersion = 10.0.40219.1
Project("{9A19103F-16F7-4668-BE54-9A1E7A4F7556}") = "Data", "Data\Data.csproj", "{5A0B0613-DA76-43A5-9D82-405B4B7F4C14}"
EndProject
Project("{9A19103F-16F7-4668-BE54-9A1E7A4F7556}") = "Logic", "Logic\Logic.csproj", "{058BBB03-420B-4E35-8415-28A9B8AB83E3}"
EndProject
Project("{2150E333-8FDC-42A3-9474-1A3956D46DE8}") = "Presentation", "Presentation", "{75ADAEBE-DDA2-4424-BE35-C8E6A7171477}"
EndProject
Project("{9A19103F-16F7-4668-BE54-9A1E7A4F7556}") = "Model", "Model\Model.csproj", "{7DD4688B-5DFD-4FB0-A31F-0C4FE58DA297}"
EndProject
Project("{9A19103F-16F7-4668-BE54-9A1E7A4F7556}") = "View", "View\View.csproj", "{FF798737-349E-4F3A-8FA2-53B706B88261}"
EndProject
Project("{9A19103F-16F7-4668-BE54-9A1E7A4F7556}") = "ViewModel", "ViewModel\ViewModel.csproj", "{8F33D00B-AC7B-4167-9FEA-DC8EDC138983}"
EndProject
Global
	GlobalSection(SolutionConfigurationPlatforms) = preSolution
		Debug|Any CPU = Debug|Any CPU
		Release|Any CPU = Release|Any CPU
	EndGlobalSection
	GlobalSection(ProjectConfigurationPlatforms) = postSolution
		{5A0B0613-DA76-43A5-9D82-405B4B7F4C14}.Debug|Any CPU.ActiveCfg = Debug|Any CPU
		{5A0B0613-DA76-43A5-9D82-405B4B7F4C14}.Debug|Any CPU.Build.0 = Debug|Any CPU
		{5A0B0613-DA76-43A5-9D82-405B4B7F4C14}.Release|Any CPU.ActiveCfg = Release|Any CPU
		{5A0B0613-DA76-43A5-9D82-405B4B7F4C14}.Release|Any CPU.Build.0 = Release|Any CPU
		{058BBB03-420B-4E35-8415-28A9B8AB83E3}.Debug|Any CPU.ActiveCfg = Debug|Any CPU
		{058BBB03-420B-4E35-8415-28A9B8AB83E3}.Debug|Any CPU.Build.0 = Debug|Any CPU
		{058BBB03-420B-4E35-8415-28A9B8AB83E3}.Release|Any CPU.ActiveCfg = Release|Any CPU
		{058BBB03-420B-4E35-8415-28A9B8AB83E3}.Release|Any CPU.Build.0 = Release|Any CPU
		{7DD4688B-5DFD-4FB0-A31F-0C4FE58DA297}.Debug|Any CPU.ActiveCfg = Debug|Any CPU
		{7DD4688B-5DFD-4FB0-A31F-0C4FE58DA297}.Debug|Any CPU.Build.0 = Debug|Any CPU
		{7DD4688B-5DFD-4FB0-A31F-0C4FE58DA297}.Release|Any CPU.ActiveCfg = Release|Any CPU
		{7DD4688B-5DFD-4FB0-A31F-0C4FE58DA297}.Release|Any CPU.Build.0 = Release|Any CPU
		{FF798737-349E-4F3A-8FA2-53B706B88261}.Debug|Any CPU.ActiveCfg = Debug|Any CPU
		{FF798737-349E-4F3A-8FA2-53B706B88261}.Debug|Any CPU.Build.0 = Debug|Any CPU
		{FF798737-349E-4F3A-8FA2-53B706B88261}.Release|Any CPU.ActiveCfg = Release|Any CPU
		{FF798737-349E-4F3A-8FA2-53B706B88261}.Release|Any CPU.Build.0 = Release|Any CPU
		{8F33D00B-AC7B-4167-9FEA-DC8EDC138983}.Debug|Any CPU.ActiveCfg = Debug|Any CPU
		{8F33D00B-AC7B-4167-9FEA-DC8EDC138983}.Debug|Any CPU.Build.0 = Debug|Any CPU
		{8F33D00B-AC7B-4167-9FEA-DC8EDC138983}.Release|Any CPU.ActiveCfg = Release|Any CPU
		{8F33D00B-AC7B-4167-9FEA-DC8EDC138983}.Release|Any CPU.Build.0 = Release|Any CPU
	EndGlobalSection
	GlobalSection(SolutionProperties) = preSolution
		HideSolutionNode = FALSE
	EndGlobalSection
	GlobalSection(NestedProjects) = preSolution
		{7DD4688B-5DFD-4FB0-A31F-0C4FE58DA297} = {75ADAEBE-DDA2-4424-BE35-C8E6A7171477}
		{FF798737-349E-4F3A-8FA2-53B706B88261} = {75ADAEBE-DDA2-4424-BE35-C8E6A7171477}
		{8F33D00B-AC7B-4167-9FEA-DC8EDC138983} = {75ADAEBE-DDA2-4424-BE35-C8E6A7171477}
	EndGlobalSection
	GlobalSection(ExtensibilityGlobals) = postSolution
		SolutionGuid = {C532A8B2-624F-40FC-8CDF-4AF4D42200FA}
	EndGlobalSection
EndGlobal
